
Microsoft Visual Studio Solution File, Format Version 12.00
# Visual Studio 14
VisualStudioVersion = 14.0.25420.1
MinimumVisualStudioVersion = 10.0.40219.1
Project("{CC5FD16D-436D-48AD-A40C-5A424C6E3E79}") = "search-infrastructure", "search-infrastructure\search-infrastructure.ccproj", "{1F70DFA0-FDA1-408F-A222-E40C0DF26975}"
EndProject
Project("{FAE04EC0-301F-11D3-BF4B-00C04F79EFBC}") = "WorkerRole", "crawler\WorkerRole.csproj", "{CAC577D9-34DC-4279-B66F-6C146ADB4473}"
EndProject
Project("{FAE04EC0-301F-11D3-BF4B-00C04F79EFBC}") = "WebRole", "admin\WebRole.csproj", "{446CEB74-28C9-4E15-B005-A5D4A586EC23}"
EndProject
Global
	GlobalSection(SolutionConfigurationPlatforms) = preSolution
		Debug|Any CPU = Debug|Any CPU
		Release|Any CPU = Release|Any CPU
	EndGlobalSection
	GlobalSection(ProjectConfigurationPlatforms) = postSolution
		{1F70DFA0-FDA1-408F-A222-E40C0DF26975}.Debug|Any CPU.ActiveCfg = Debug|Any CPU
		{1F70DFA0-FDA1-408F-A222-E40C0DF26975}.Debug|Any CPU.Build.0 = Debug|Any CPU
		{1F70DFA0-FDA1-408F-A222-E40C0DF26975}.Release|Any CPU.ActiveCfg = Release|Any CPU
		{1F70DFA0-FDA1-408F-A222-E40C0DF26975}.Release|Any CPU.Build.0 = Release|Any CPU
		{CAC577D9-34DC-4279-B66F-6C146ADB4473}.Debug|Any CPU.ActiveCfg = Debug|Any CPU
		{CAC577D9-34DC-4279-B66F-6C146ADB4473}.Debug|Any CPU.Build.0 = Debug|Any CPU
		{CAC577D9-34DC-4279-B66F-6C146ADB4473}.Release|Any CPU.ActiveCfg = Release|Any CPU
		{CAC577D9-34DC-4279-B66F-6C146ADB4473}.Release|Any CPU.Build.0 = Release|Any CPU
		{446CEB74-28C9-4E15-B005-A5D4A586EC23}.Debug|Any CPU.ActiveCfg = Debug|Any CPU
		{446CEB74-28C9-4E15-B005-A5D4A586EC23}.Debug|Any CPU.Build.0 = Debug|Any CPU
		{446CEB74-28C9-4E15-B005-A5D4A586EC23}.Release|Any CPU.ActiveCfg = Release|Any CPU
		{446CEB74-28C9-4E15-B005-A5D4A586EC23}.Release|Any CPU.Build.0 = Release|Any CPU
	EndGlobalSection
	GlobalSection(SolutionProperties) = preSolution
		HideSolutionNode = FALSE
	EndGlobalSection
EndGlobal
